
Microsoft Visual Studio Solution File, Format Version 12.00
# Visual Studio Version 16
VisualStudioVersion = 16.0.31019.35
MinimumVisualStudioVersion = 10.0.40219.1
Project("{FAE04EC0-301F-11D3-BF4B-00C04F79EFBC}") = "AppAndroid1.Android", "AppAndroid1\AppAndroid1.Android\AppAndroid1.Android.csproj", "{4C20CDCA-C6EC-42AD-8113-7F75795DDBE7}"
EndProject
Project("{FAE04EC0-301F-11D3-BF4B-00C04F79EFBC}") = "AppAndroid1.iOS", "AppAndroid1\AppAndroid1.iOS\AppAndroid1.iOS.csproj", "{6DB5F67D-FC4D-4C64-9780-FEAC9363395F}"
EndProject
Project("{9A19103F-16F7-4668-BE54-9A1E7A4F7556}") = "AppAndroid1", "AppAndroid1\AppAndroid1\AppAndroid1.csproj", "{15DD76B3-3C59-4C18-AF60-2C46F4E681A6}"
EndProject
Project("{FAE04EC0-301F-11D3-BF4B-00C04F79EFBC}") = "UnitTestProject1", "UnitTestProject1\UnitTestProject1.csproj", "{48398F89-FE12-40A1-B8E2-FE27ED2A6A13}"
EndProject
Global
	GlobalSection(SolutionConfigurationPlatforms) = preSolution
		Debug|Any CPU = Debug|Any CPU
		Debug|iPhone = Debug|iPhone
		Debug|iPhoneSimulator = Debug|iPhoneSimulator
		Release|Any CPU = Release|Any CPU
		Release|iPhone = Release|iPhone
		Release|iPhoneSimulator = Release|iPhoneSimulator
	EndGlobalSection
	GlobalSection(ProjectConfigurationPlatforms) = postSolution
		{4C20CDCA-C6EC-42AD-8113-7F75795DDBE7}.Debug|Any CPU.ActiveCfg = Debug|Any CPU
		{4C20CDCA-C6EC-42AD-8113-7F75795DDBE7}.Debug|Any CPU.Build.0 = Debug|Any CPU
		{4C20CDCA-C6EC-42AD-8113-7F75795DDBE7}.Debug|Any CPU.Deploy.0 = Debug|Any CPU
		{4C20CDCA-C6EC-42AD-8113-7F75795DDBE7}.Debug|iPhone.ActiveCfg = Debug|Any CPU
		{4C20CDCA-C6EC-42AD-8113-7F75795DDBE7}.Debug|iPhone.Build.0 = Debug|Any CPU
		{4C20CDCA-C6EC-42AD-8113-7F75795DDBE7}.Debug|iPhone.Deploy.0 = Debug|Any CPU
		{4C20CDCA-C6EC-42AD-8113-7F75795DDBE7}.Debug|iPhoneSimulator.ActiveCfg = Debug|Any CPU
		{4C20CDCA-C6EC-42AD-8113-7F75795DDBE7}.Debug|iPhoneSimulator.Build.0 = Debug|Any CPU
		{4C20CDCA-C6EC-42AD-8113-7F75795DDBE7}.Debug|iPhoneSimulator.Deploy.0 = Debug|Any CPU
		{4C20CDCA-C6EC-42AD-8113-7F75795DDBE7}.Release|Any CPU.ActiveCfg = Release|Any CPU
		{4C20CDCA-C6EC-42AD-8113-7F75795DDBE7}.Release|Any CPU.Build.0 = Release|Any CPU
		{4C20CDCA-C6EC-42AD-8113-7F75795DDBE7}.Release|Any CPU.Deploy.0 = Release|Any CPU
		{4C20CDCA-C6EC-42AD-8113-7F75795DDBE7}.Release|iPhone.ActiveCfg = Release|Any CPU
		{4C20CDCA-C6EC-42AD-8113-7F75795DDBE7}.Release|iPhone.Build.0 = Release|Any CPU
		{4C20CDCA-C6EC-42AD-8113-7F75795DDBE7}.Release|iPhone.Deploy.0 = Release|Any CPU
		{4C20CDCA-C6EC-42AD-8113-7F75795DDBE7}.Release|iPhoneSimulator.ActiveCfg = Release|Any CPU
		{4C20CDCA-C6EC-42AD-8113-7F75795DDBE7}.Release|iPhoneSimulator.Build.0 = Release|Any CPU
		{4C20CDCA-C6EC-42AD-8113-7F75795DDBE7}.Release|iPhoneSimulator.Deploy.0 = Release|Any CPU
		{6DB5F67D-FC4D-4C64-9780-FEAC9363395F}.Debug|Any CPU.ActiveCfg = Debug|iPhone
		{6DB5F67D-FC4D-4C64-9780-FEAC9363395F}.Debug|Any CPU.Build.0 = Debug|iPhone
		{6DB5F67D-FC4D-4C64-9780-FEAC9363395F}.Debug|Any CPU.Deploy.0 = Debug|iPhone
		{6DB5F67D-FC4D-4C64-9780-FEAC9363395F}.Debug|iPhone.ActiveCfg = Debug|iPhone
		{6DB5F67D-FC4D-4C64-9780-FEAC9363395F}.Debug|iPhone.Build.0 = Debug|iPhone
		{6DB5F67D-FC4D-4C64-9780-FEAC9363395F}.Debug|iPhone.Deploy.0 = Debug|iPhone
		{6DB5F67D-FC4D-4C64-9780-FEAC9363395F}.Debug|iPhoneSimulator.ActiveCfg = Debug|iPhoneSimulator
		{6DB5F67D-FC4D-4C64-9780-FEAC9363395F}.Debug|iPhoneSimulator.Build.0 = Debug|iPhoneSimulator
		{6DB5F67D-FC4D-4C64-9780-FEAC9363395F}.Debug|iPhoneSimulator.Deploy.0 = Debug|iPhoneSimulator
		{6DB5F67D-FC4D-4C64-9780-FEAC9363395F}.Release|Any CPU.ActiveCfg = Release|iPhoneSimulator
		{6DB5F67D-FC4D-4C64-9780-FEAC9363395F}.Release|Any CPU.Build.0 = Release|iPhoneSimulator
		{6DB5F67D-FC4D-4C64-9780-FEAC9363395F}.Release|Any CPU.Deploy.0 = Release|iPhoneSimulator
		{6DB5F67D-FC4D-4C64-9780-FEAC9363395F}.Release|iPhone.ActiveCfg = Release|iPhone
		{6DB5F67D-FC4D-4C64-9780-FEAC9363395F}.Release|iPhone.Build.0 = Release|iPhone
		{6DB5F67D-FC4D-4C64-9780-FEAC9363395F}.Release|iPhone.Deploy.0 = Release|iPhone
		{6DB5F67D-FC4D-4C64-9780-FEAC9363395F}.Release|iPhoneSimulator.ActiveCfg = Release|iPhoneSimulator
		{6DB5F67D-FC4D-4C64-9780-FEAC9363395F}.Release|iPhoneSimulator.Build.0 = Release|iPhoneSimulator
		{6DB5F67D-FC4D-4C64-9780-FEAC9363395F}.Release|iPhoneSimulator.Deploy.0 = Release|iPhoneSimulator
		{15DD76B3-3C59-4C18-AF60-2C46F4E681A6}.Debug|Any CPU.ActiveCfg = Debug|Any CPU
		{15DD76B3-3C59-4C18-AF60-2C46F4E681A6}.Debug|Any CPU.Build.0 = Debug|Any CPU
		{15DD76B3-3C59-4C18-AF60-2C46F4E681A6}.Debug|Any CPU.Deploy.0 = Debug|Any CPU
		{15DD76B3-3C59-4C18-AF60-2C46F4E681A6}.Debug|iPhone.ActiveCfg = Debug|Any CPU
		{15DD76B3-3C59-4C18-AF60-2C46F4E681A6}.Debug|iPhone.Build.0 = Debug|Any CPU
		{15DD76B3-3C59-4C18-AF60-2C46F4E681A6}.Debug|iPhone.Deploy.0 = Debug|Any CPU
		{15DD76B3-3C59-4C18-AF60-2C46F4E681A6}.Debug|iPhoneSimulator.ActiveCfg = Debug|Any CPU
		{15DD76B3-3C59-4C18-AF60-2C46F4E681A6}.Debug|iPhoneSimulator.Build.0 = Debug|Any CPU
		{15DD76B3-3C59-4C18-AF60-2C46F4E681A6}.Debug|iPhoneSimulator.Deploy.0 = Debug|Any CPU
		{15DD76B3-3C59-4C18-AF60-2C46F4E681A6}.Release|Any CPU.ActiveCfg = Release|Any CPU
		{15DD76B3-3C59-4C18-AF60-2C46F4E681A6}.Release|Any CPU.Build.0 = Release|Any CPU
		{15DD76B3-3C59-4C18-AF60-2C46F4E681A6}.Release|Any CPU.Deploy.0 = Release|Any CPU
		{15DD76B3-3C59-4C18-AF60-2C46F4E681A6}.Release|iPhone.ActiveCfg = Release|Any CPU
		{15DD76B3-3C59-4C18-AF60-2C46F4E681A6}.Release|iPhone.Build.0 = Release|Any CPU
		{15DD76B3-3C59-4C18-AF60-2C46F4E681A6}.Release|iPhone.Deploy.0 = Release|Any CPU
		{15DD76B3-3C59-4C18-AF60-2C46F4E681A6}.Release|iPhoneSimulator.ActiveCfg = Release|Any CPU
		{15DD76B3-3C59-4C18-AF60-2C46F4E681A6}.Release|iPhoneSimulator.Build.0 = Release|Any CPU
		{15DD76B3-3C59-4C18-AF60-2C46F4E681A6}.Release|iPhoneSimulator.Deploy.0 = Release|Any CPU
		{48398F89-FE12-40A1-B8E2-FE27ED2A6A13}.Debug|Any CPU.ActiveCfg = Debug|Any CPU
		{48398F89-FE12-40A1-B8E2-FE27ED2A6A13}.Debug|Any CPU.Build.0 = Debug|Any CPU
		{48398F89-FE12-40A1-B8E2-FE27ED2A6A13}.Debug|iPhone.ActiveCfg = Debug|Any CPU
		{48398F89-FE12-40A1-B8E2-FE27ED2A6A13}.Debug|iPhone.Build.0 = Debug|Any CPU
		{48398F89-FE12-40A1-B8E2-FE27ED2A6A13}.Debug|iPhoneSimulator.ActiveCfg = Debug|Any CPU
		{48398F89-FE12-40A1-B8E2-FE27ED2A6A13}.Debug|iPhoneSimulator.Build.0 = Debug|Any CPU
		{48398F89-FE12-40A1-B8E2-FE27ED2A6A13}.Release|Any CPU.ActiveCfg = Release|Any CPU
		{48398F89-FE12-40A1-B8E2-FE27ED2A6A13}.Release|Any CPU.Build.0 = Release|Any CPU
		{48398F89-FE12-40A1-B8E2-FE27ED2A6A13}.Release|iPhone.ActiveCfg = Release|Any CPU
		{48398F89-FE12-40A1-B8E2-FE27ED2A6A13}.Release|iPhone.Build.0 = Release|Any CPU
		{48398F89-FE12-40A1-B8E2-FE27ED2A6A13}.Release|iPhoneSimulator.ActiveCfg = Release|Any CPU
		{48398F89-FE12-40A1-B8E2-FE27ED2A6A13}.Release|iPhoneSimulator.Build.0 = Release|Any CPU
	EndGlobalSection
	GlobalSection(SolutionProperties) = preSolution
		HideSolutionNode = FALSE
	EndGlobalSection
	GlobalSection(ExtensibilityGlobals) = postSolution
		SolutionGuid = {4577AEE7-CAF2-40AB-83EC-5ED98B6EEAF6}
	EndGlobalSection
EndGlobal
